
Microsoft Visual Studio Solution File, Format Version 12.00
# Visual Studio Version 17
VisualStudioVersion = 17.11.35222.181
MinimumVisualStudioVersion = 10.0.40219.1
Project("{9A19103F-16F7-4668-BE54-9A1E7A4F7556}") = "HilleroedSejlKlubLibrary", "HilleroedSejlKlubLibrary\HilleroedSejlKlubLibrary.csproj", "{881ED510-E274-4F31-A547-E893B0281101}"
EndProject
Project("{9A19103F-16F7-4668-BE54-9A1E7A4F7556}") = "Controller", "Controller\Controller.csproj", "{C8415AAF-34F3-4D3F-A3CF-2F00AA169C68}"
EndProject
Project("{9A19103F-16F7-4668-BE54-9A1E7A4F7556}") = "HillerødSejlKlubWeb", "HillerødSejlKlubWeb\HillerødSejlKlubWeb.csproj", "{01D8A32D-C5DE-4414-BC91-F65EC0F4A6C6}"
EndProject
Global
	GlobalSection(SolutionConfigurationPlatforms) = preSolution
		Debug|Any CPU = Debug|Any CPU
		Release|Any CPU = Release|Any CPU
	EndGlobalSection
	GlobalSection(ProjectConfigurationPlatforms) = postSolution
		{881ED510-E274-4F31-A547-E893B0281101}.Debug|Any CPU.ActiveCfg = Debug|Any CPU
		{881ED510-E274-4F31-A547-E893B0281101}.Debug|Any CPU.Build.0 = Debug|Any CPU
		{881ED510-E274-4F31-A547-E893B0281101}.Release|Any CPU.ActiveCfg = Release|Any CPU
		{881ED510-E274-4F31-A547-E893B0281101}.Release|Any CPU.Build.0 = Release|Any CPU
		{01D8A32D-C5DE-4414-BC91-F65EC0F4A6C6}.Debug|Any CPU.ActiveCfg = Debug|Any CPU
		{01D8A32D-C5DE-4414-BC91-F65EC0F4A6C6}.Debug|Any CPU.Build.0 = Debug|Any CPU
		{01D8A32D-C5DE-4414-BC91-F65EC0F4A6C6}.Release|Any CPU.ActiveCfg = Release|Any CPU
		{01D8A32D-C5DE-4414-BC91-F65EC0F4A6C6}.Release|Any CPU.Build.0 = Release|Any CPU
	EndGlobalSection
	GlobalSection(SolutionProperties) = preSolution
		HideSolutionNode = FALSE
	EndGlobalSection
	GlobalSection(ExtensibilityGlobals) = postSolution
		SolutionGuid = {DE25C09B-1358-429A-94D0-0D36FDE85089}
	EndGlobalSection
EndGlobal
